
Microsoft Visual Studio Solution File, Format Version 12.00
# Visual Studio Version 16
VisualStudioVersion = 16.0.31624.102
MinimumVisualStudioVersion = 10.0.40219.1
Project("{9A19103F-16F7-4668-BE54-9A1E7A4F7556}") = "KuvioSampleProject", "KuvioSampleProject\KuvioSampleProject.csproj", "{B53450C9-8AEC-4F2E-9C6F-5ECEDAE7BEB9}"
EndProject
Project("{9A19103F-16F7-4668-BE54-9A1E7A4F7556}") = "KuvioSampleProject.Api", "KuvioSampleProject.Api\KuvioSampleProject.Api.csproj", "{BF912109-6526-43F8-90E5-CBD8B4FEAF21}"
EndProject
Project("{9A19103F-16F7-4668-BE54-9A1E7A4F7556}") = "KuvioSampleProject.Models", "KuvioSampleProject.Models\KuvioSampleProject.Models.csproj", "{E349F187-7231-46B4-B2D0-C61DC8A4FCBD}"
EndProject
Global
	GlobalSection(SolutionConfigurationPlatforms) = preSolution
		Debug|Any CPU = Debug|Any CPU
		Release|Any CPU = Release|Any CPU
	EndGlobalSection
	GlobalSection(ProjectConfigurationPlatforms) = postSolution
		{B53450C9-8AEC-4F2E-9C6F-5ECEDAE7BEB9}.Debug|Any CPU.ActiveCfg = Debug|Any CPU
		{B53450C9-8AEC-4F2E-9C6F-5ECEDAE7BEB9}.Debug|Any CPU.Build.0 = Debug|Any CPU
		{B53450C9-8AEC-4F2E-9C6F-5ECEDAE7BEB9}.Release|Any CPU.ActiveCfg = Release|Any CPU
		{B53450C9-8AEC-4F2E-9C6F-5ECEDAE7BEB9}.Release|Any CPU.Build.0 = Release|Any CPU
		{BF912109-6526-43F8-90E5-CBD8B4FEAF21}.Debug|Any CPU.ActiveCfg = Debug|Any CPU
		{BF912109-6526-43F8-90E5-CBD8B4FEAF21}.Debug|Any CPU.Build.0 = Debug|Any CPU
		{BF912109-6526-43F8-90E5-CBD8B4FEAF21}.Release|Any CPU.ActiveCfg = Release|Any CPU
		{BF912109-6526-43F8-90E5-CBD8B4FEAF21}.Release|Any CPU.Build.0 = Release|Any CPU
		{E349F187-7231-46B4-B2D0-C61DC8A4FCBD}.Debug|Any CPU.ActiveCfg = Debug|Any CPU
		{E349F187-7231-46B4-B2D0-C61DC8A4FCBD}.Debug|Any CPU.Build.0 = Debug|Any CPU
		{E349F187-7231-46B4-B2D0-C61DC8A4FCBD}.Release|Any CPU.ActiveCfg = Release|Any CPU
		{E349F187-7231-46B4-B2D0-C61DC8A4FCBD}.Release|Any CPU.Build.0 = Release|Any CPU
	EndGlobalSection
	GlobalSection(SolutionProperties) = preSolution
		HideSolutionNode = FALSE
	EndGlobalSection
	GlobalSection(ExtensibilityGlobals) = postSolution
		SolutionGuid = {0DC176A4-13AF-43E1-8D56-0C08E65EA07E}
	EndGlobalSection
EndGlobal
