
Microsoft Visual Studio Solution File, Format Version 12.00
# Visual Studio Version 16
VisualStudioVersion = 16.0.31624.102
MinimumVisualStudioVersion = 10.0.40219.1
Project("{FAE04EC0-301F-11D3-BF4B-00C04F79EFBC}") = "KuvioSampleProject", "KuvioSampleProject\KuvioSampleProject.csproj", "{B53450C9-8AEC-4F2E-9C6F-5ECEDAE7BEB9}"
EndProject
Global
	GlobalSection(SolutionConfigurationPlatforms) = preSolution
		Debug|Any CPU = Debug|Any CPU
		Release|Any CPU = Release|Any CPU
	EndGlobalSection
	GlobalSection(ProjectConfigurationPlatforms) = postSolution
		{B53450C9-8AEC-4F2E-9C6F-5ECEDAE7BEB9}.Debug|Any CPU.ActiveCfg = Debug|Any CPU
		{B53450C9-8AEC-4F2E-9C6F-5ECEDAE7BEB9}.Debug|Any CPU.Build.0 = Debug|Any CPU
		{B53450C9-8AEC-4F2E-9C6F-5ECEDAE7BEB9}.Release|Any CPU.ActiveCfg = Release|Any CPU
		{B53450C9-8AEC-4F2E-9C6F-5ECEDAE7BEB9}.Release|Any CPU.Build.0 = Release|Any CPU
	EndGlobalSection
	GlobalSection(SolutionProperties) = preSolution
		HideSolutionNode = FALSE
	EndGlobalSection
	GlobalSection(ExtensibilityGlobals) = postSolution
		SolutionGuid = {0DC176A4-13AF-43E1-8D56-0C08E65EA07E}
	EndGlobalSection
EndGlobal
